
Microsoft Visual Studio Solution File, Format Version 12.00
# Visual Studio 2013
VisualStudioVersion = 12.0.31101.0
MinimumVisualStudioVersion = 10.0.40219.1
Project("{FAE04EC0-301F-11D3-BF4B-00C04F79EFBC}") = "NUFL.Framework", "NUFL.Framework\NUFL.Framework.csproj", "{6B01B019-0D29-415B-B9B2-C1BE22826C0B}"
	ProjectSection(ProjectDependencies) = postProject
		{B2CE418E-A5C8-4C46-9513-771414B3CA4C} = {B2CE418E-A5C8-4C46-9513-771414B3CA4C}
	EndProjectSection
EndProject
Project("{8BC9CEB8-8B4A-11D0-8D11-00A0C91BC942}") = "NUFL.Profiler", "NUFL.Profiler\NUFL.Profiler.vcxproj", "{B2CE418E-A5C8-4C46-9513-771414B3CA4C}"
EndProject
Project("{FAE04EC0-301F-11D3-BF4B-00C04F79EFBC}") = "NUFL.Framework.Test", "NUFL.Framework.Test\NUFL.Framework.Test.csproj", "{52CA2F01-64D6-40A1-8A81-F0D36431FA7C}"
	ProjectSection(ProjectDependencies) = postProject
		{6E6C3947-A770-4CBB-9FBE-EB69E9F2B1E3} = {6E6C3947-A770-4CBB-9FBE-EB69E9F2B1E3}
	EndProjectSection
EndProject
Project("{FAE04EC0-301F-11D3-BF4B-00C04F79EFBC}") = "nunit.engine", "NUnit.Engine\nunit.engine\nunit.engine.csproj", "{372A3447-D657-40FF-A089-77C19FEC30C8}"
EndProject
Project("{FAE04EC0-301F-11D3-BF4B-00C04F79EFBC}") = "nunit.engine.api", "NUnit.Engine\nunit.engine.api\nunit.engine.api.csproj", "{775FAD50-3623-4922-97C4-DFB29A8BE4C7}"
EndProject
Project("{FAE04EC0-301F-11D3-BF4B-00C04F79EFBC}") = "nunit-agent", "NUnit.Engine\nunit-agent\nunit-agent.csproj", "{C2A8FC7A-FA64-46EA-AF6D-73D6B371DBF8}"
EndProject
Project("{FAE04EC0-301F-11D3-BF4B-00C04F79EFBC}") = "nunit-agent-x86", "NUnit.Engine\nunit-agent\nunit-agent-x86.csproj", "{28B605B2-E2E9-417E-8369-49E263F1F31B}"
EndProject
Project("{2150E333-8FDC-42A3-9474-1A3956D46DE8}") = "Nunit", "Nunit", "{D6D6F076-39CF-4B57-8C2A-0F47C9CC8177}"
EndProject
Project("{FAE04EC0-301F-11D3-BF4B-00C04F79EFBC}") = "NUFL.TestTarget", "NUFL.TestTarget\NUFL.TestTarget.csproj", "{6E6C3947-A770-4CBB-9FBE-EB69E9F2B1E3}"
EndProject
Project("{2150E333-8FDC-42A3-9474-1A3956D46DE8}") = ".nuget", ".nuget", "{A8E04D8B-A305-41DB-85D4-BFB3F3F16A81}"
	ProjectSection(SolutionItems) = preProject
		.nuget\packages.config = .nuget\packages.config
	EndProjectSection
EndProject
Global
	GlobalSection(SolutionConfigurationPlatforms) = preSolution
		Debug|Any CPU = Debug|Any CPU
		Debug|Mixed Platforms = Debug|Mixed Platforms
		Debug|Win32 = Debug|Win32
		Debug|x64 = Debug|x64
		Debug|x86 = Debug|x86
		Release|Any CPU = Release|Any CPU
		Release|Mixed Platforms = Release|Mixed Platforms
		Release|Win32 = Release|Win32
		Release|x64 = Release|x64
		Release|x86 = Release|x86
	EndGlobalSection
	GlobalSection(ProjectConfigurationPlatforms) = postSolution
		{6B01B019-0D29-415B-B9B2-C1BE22826C0B}.Debug|Any CPU.ActiveCfg = Debug|Any CPU
		{6B01B019-0D29-415B-B9B2-C1BE22826C0B}.Debug|Any CPU.Build.0 = Debug|Any CPU
		{6B01B019-0D29-415B-B9B2-C1BE22826C0B}.Debug|Mixed Platforms.ActiveCfg = Debug|Any CPU
		{6B01B019-0D29-415B-B9B2-C1BE22826C0B}.Debug|Mixed Platforms.Build.0 = Debug|Any CPU
		{6B01B019-0D29-415B-B9B2-C1BE22826C0B}.Debug|Win32.ActiveCfg = Debug|Any CPU
		{6B01B019-0D29-415B-B9B2-C1BE22826C0B}.Debug|Win32.Build.0 = Debug|Any CPU
		{6B01B019-0D29-415B-B9B2-C1BE22826C0B}.Debug|x64.ActiveCfg = Debug|Any CPU
		{6B01B019-0D29-415B-B9B2-C1BE22826C0B}.Debug|x64.Build.0 = Debug|Any CPU
		{6B01B019-0D29-415B-B9B2-C1BE22826C0B}.Debug|x86.ActiveCfg = Debug|Any CPU
		{6B01B019-0D29-415B-B9B2-C1BE22826C0B}.Debug|x86.Build.0 = Debug|Any CPU
		{6B01B019-0D29-415B-B9B2-C1BE22826C0B}.Release|Any CPU.ActiveCfg = Release|Any CPU
		{6B01B019-0D29-415B-B9B2-C1BE22826C0B}.Release|Any CPU.Build.0 = Release|Any CPU
		{6B01B019-0D29-415B-B9B2-C1BE22826C0B}.Release|Mixed Platforms.ActiveCfg = Release|Any CPU
		{6B01B019-0D29-415B-B9B2-C1BE22826C0B}.Release|Mixed Platforms.Build.0 = Release|Any CPU
		{6B01B019-0D29-415B-B9B2-C1BE22826C0B}.Release|Win32.ActiveCfg = Release|Any CPU
		{6B01B019-0D29-415B-B9B2-C1BE22826C0B}.Release|x64.ActiveCfg = Release|Any CPU
		{6B01B019-0D29-415B-B9B2-C1BE22826C0B}.Release|x86.ActiveCfg = Release|Any CPU
		{B2CE418E-A5C8-4C46-9513-771414B3CA4C}.Debug|Any CPU.ActiveCfg = Debug|Win32
		{B2CE418E-A5C8-4C46-9513-771414B3CA4C}.Debug|Any CPU.Build.0 = Debug|Win32
		{B2CE418E-A5C8-4C46-9513-771414B3CA4C}.Debug|Mixed Platforms.ActiveCfg = Debug|Win32
		{B2CE418E-A5C8-4C46-9513-771414B3CA4C}.Debug|Mixed Platforms.Build.0 = Debug|Win32
		{B2CE418E-A5C8-4C46-9513-771414B3CA4C}.Debug|Win32.ActiveCfg = Debug|Win32
		{B2CE418E-A5C8-4C46-9513-771414B3CA4C}.Debug|Win32.Build.0 = Debug|Win32
		{B2CE418E-A5C8-4C46-9513-771414B3CA4C}.Debug|x64.ActiveCfg = Debug|x64
		{B2CE418E-A5C8-4C46-9513-771414B3CA4C}.Debug|x64.Build.0 = Debug|x64
		{B2CE418E-A5C8-4C46-9513-771414B3CA4C}.Debug|x86.ActiveCfg = Debug|Win32
		{B2CE418E-A5C8-4C46-9513-771414B3CA4C}.Debug|x86.Build.0 = Debug|Win32
		{B2CE418E-A5C8-4C46-9513-771414B3CA4C}.Release|Any CPU.ActiveCfg = Release|Win32
		{B2CE418E-A5C8-4C46-9513-771414B3CA4C}.Release|Mixed Platforms.ActiveCfg = Release|Win32
		{B2CE418E-A5C8-4C46-9513-771414B3CA4C}.Release|Mixed Platforms.Build.0 = Release|Win32
		{B2CE418E-A5C8-4C46-9513-771414B3CA4C}.Release|Win32.ActiveCfg = Release|Win32
		{B2CE418E-A5C8-4C46-9513-771414B3CA4C}.Release|Win32.Build.0 = Release|Win32
		{B2CE418E-A5C8-4C46-9513-771414B3CA4C}.Release|x64.ActiveCfg = Release|x64
		{B2CE418E-A5C8-4C46-9513-771414B3CA4C}.Release|x64.Build.0 = Release|x64
		{B2CE418E-A5C8-4C46-9513-771414B3CA4C}.Release|x86.ActiveCfg = Release|Win32
		{B2CE418E-A5C8-4C46-9513-771414B3CA4C}.Release|x86.Build.0 = Release|Win32
		{52CA2F01-64D6-40A1-8A81-F0D36431FA7C}.Debug|Any CPU.ActiveCfg = Debug|Any CPU
		{52CA2F01-64D6-40A1-8A81-F0D36431FA7C}.Debug|Any CPU.Build.0 = Debug|Any CPU
		{52CA2F01-64D6-40A1-8A81-F0D36431FA7C}.Debug|Mixed Platforms.ActiveCfg = Debug|Any CPU
		{52CA2F01-64D6-40A1-8A81-F0D36431FA7C}.Debug|Mixed Platforms.Build.0 = Debug|Any CPU
		{52CA2F01-64D6-40A1-8A81-F0D36431FA7C}.Debug|Win32.ActiveCfg = Debug|Any CPU
		{52CA2F01-64D6-40A1-8A81-F0D36431FA7C}.Debug|Win32.Build.0 = Debug|Any CPU
		{52CA2F01-64D6-40A1-8A81-F0D36431FA7C}.Debug|x64.ActiveCfg = Debug|Any CPU
		{52CA2F01-64D6-40A1-8A81-F0D36431FA7C}.Debug|x64.Build.0 = Debug|Any CPU
		{52CA2F01-64D6-40A1-8A81-F0D36431FA7C}.Debug|x86.ActiveCfg = Debug|Any CPU
		{52CA2F01-64D6-40A1-8A81-F0D36431FA7C}.Debug|x86.Build.0 = Debug|Any CPU
		{52CA2F01-64D6-40A1-8A81-F0D36431FA7C}.Release|Any CPU.ActiveCfg = Release|Any CPU
		{52CA2F01-64D6-40A1-8A81-F0D36431FA7C}.Release|Any CPU.Build.0 = Release|Any CPU
		{52CA2F01-64D6-40A1-8A81-F0D36431FA7C}.Release|Mixed Platforms.ActiveCfg = Release|Any CPU
		{52CA2F01-64D6-40A1-8A81-F0D36431FA7C}.Release|Mixed Platforms.Build.0 = Release|Any CPU
		{52CA2F01-64D6-40A1-8A81-F0D36431FA7C}.Release|Win32.ActiveCfg = Release|Any CPU
		{52CA2F01-64D6-40A1-8A81-F0D36431FA7C}.Release|x64.ActiveCfg = Release|Any CPU
		{52CA2F01-64D6-40A1-8A81-F0D36431FA7C}.Release|x86.ActiveCfg = Release|Any CPU
		{372A3447-D657-40FF-A089-77C19FEC30C8}.Debug|Any CPU.ActiveCfg = Debug|Any CPU
		{372A3447-D657-40FF-A089-77C19FEC30C8}.Debug|Any CPU.Build.0 = Debug|Any CPU
		{372A3447-D657-40FF-A089-77C19FEC30C8}.Debug|Mixed Platforms.ActiveCfg = Debug|Any CPU
		{372A3447-D657-40FF-A089-77C19FEC30C8}.Debug|Mixed Platforms.Build.0 = Debug|Any CPU
		{372A3447-D657-40FF-A089-77C19FEC30C8}.Debug|Win32.ActiveCfg = Debug|Any CPU
		{372A3447-D657-40FF-A089-77C19FEC30C8}.Debug|Win32.Build.0 = Debug|Any CPU
		{372A3447-D657-40FF-A089-77C19FEC30C8}.Debug|x64.ActiveCfg = Debug|Any CPU
		{372A3447-D657-40FF-A089-77C19FEC30C8}.Debug|x64.Build.0 = Debug|Any CPU
		{372A3447-D657-40FF-A089-77C19FEC30C8}.Debug|x86.ActiveCfg = Debug|Any CPU
		{372A3447-D657-40FF-A089-77C19FEC30C8}.Debug|x86.Build.0 = Debug|Any CPU
		{372A3447-D657-40FF-A089-77C19FEC30C8}.Release|Any CPU.ActiveCfg = Release|Any CPU
		{372A3447-D657-40FF-A089-77C19FEC30C8}.Release|Any CPU.Build.0 = Release|Any CPU
		{372A3447-D657-40FF-A089-77C19FEC30C8}.Release|Mixed Platforms.ActiveCfg = Release|Any CPU
		{372A3447-D657-40FF-A089-77C19FEC30C8}.Release|Mixed Platforms.Build.0 = Release|Any CPU
		{372A3447-D657-40FF-A089-77C19FEC30C8}.Release|Win32.ActiveCfg = Release|Any CPU
		{372A3447-D657-40FF-A089-77C19FEC30C8}.Release|x64.ActiveCfg = Release|Any CPU
		{372A3447-D657-40FF-A089-77C19FEC30C8}.Release|x86.ActiveCfg = Release|Any CPU
		{775FAD50-3623-4922-97C4-DFB29A8BE4C7}.Debug|Any CPU.ActiveCfg = Debug|Any CPU
		{775FAD50-3623-4922-97C4-DFB29A8BE4C7}.Debug|Any CPU.Build.0 = Debug|Any CPU
		{775FAD50-3623-4922-97C4-DFB29A8BE4C7}.Debug|Mixed Platforms.ActiveCfg = Debug|Any CPU
		{775FAD50-3623-4922-97C4-DFB29A8BE4C7}.Debug|Mixed Platforms.Build.0 = Debug|Any CPU
		{775FAD50-3623-4922-97C4-DFB29A8BE4C7}.Debug|Win32.ActiveCfg = Debug|Any CPU
		{775FAD50-3623-4922-97C4-DFB29A8BE4C7}.Debug|Win32.Build.0 = Debug|Any CPU
		{775FAD50-3623-4922-97C4-DFB29A8BE4C7}.Debug|x64.ActiveCfg = Debug|Any CPU
		{775FAD50-3623-4922-97C4-DFB29A8BE4C7}.Debug|x64.Build.0 = Debug|Any CPU
		{775FAD50-3623-4922-97C4-DFB29A8BE4C7}.Debug|x86.ActiveCfg = Debug|Any CPU
		{775FAD50-3623-4922-97C4-DFB29A8BE4C7}.Debug|x86.Build.0 = Debug|Any CPU
		{775FAD50-3623-4922-97C4-DFB29A8BE4C7}.Release|Any CPU.ActiveCfg = Release|Any CPU
		{775FAD50-3623-4922-97C4-DFB29A8BE4C7}.Release|Any CPU.Build.0 = Release|Any CPU
		{775FAD50-3623-4922-97C4-DFB29A8BE4C7}.Release|Mixed Platforms.ActiveCfg = Release|Any CPU
		{775FAD50-3623-4922-97C4-DFB29A8BE4C7}.Release|Mixed Platforms.Build.0 = Release|Any CPU
		{775FAD50-3623-4922-97C4-DFB29A8BE4C7}.Release|Win32.ActiveCfg = Release|Any CPU
		{775FAD50-3623-4922-97C4-DFB29A8BE4C7}.Release|x64.ActiveCfg = Release|Any CPU
		{775FAD50-3623-4922-97C4-DFB29A8BE4C7}.Release|x86.ActiveCfg = Release|Any CPU
		{C2A8FC7A-FA64-46EA-AF6D-73D6B371DBF8}.Debug|Any CPU.ActiveCfg = Debug|Any CPU
		{C2A8FC7A-FA64-46EA-AF6D-73D6B371DBF8}.Debug|Any CPU.Build.0 = Debug|Any CPU
		{C2A8FC7A-FA64-46EA-AF6D-73D6B371DBF8}.Debug|Mixed Platforms.ActiveCfg = Debug|Any CPU
		{C2A8FC7A-FA64-46EA-AF6D-73D6B371DBF8}.Debug|Mixed Platforms.Build.0 = Debug|Any CPU
		{C2A8FC7A-FA64-46EA-AF6D-73D6B371DBF8}.Debug|Win32.ActiveCfg = Debug|Any CPU
		{C2A8FC7A-FA64-46EA-AF6D-73D6B371DBF8}.Debug|Win32.Build.0 = Debug|Any CPU
		{C2A8FC7A-FA64-46EA-AF6D-73D6B371DBF8}.Debug|x64.ActiveCfg = Debug|Any CPU
		{C2A8FC7A-FA64-46EA-AF6D-73D6B371DBF8}.Debug|x64.Build.0 = Debug|Any CPU
		{C2A8FC7A-FA64-46EA-AF6D-73D6B371DBF8}.Debug|x86.ActiveCfg = Debug|Any CPU
		{C2A8FC7A-FA64-46EA-AF6D-73D6B371DBF8}.Debug|x86.Build.0 = Debug|Any CPU
		{C2A8FC7A-FA64-46EA-AF6D-73D6B371DBF8}.Release|Any CPU.ActiveCfg = Release|Any CPU
		{C2A8FC7A-FA64-46EA-AF6D-73D6B371DBF8}.Release|Any CPU.Build.0 = Release|Any CPU
		{C2A8FC7A-FA64-46EA-AF6D-73D6B371DBF8}.Release|Mixed Platforms.ActiveCfg = Release|Any CPU
		{C2A8FC7A-FA64-46EA-AF6D-73D6B371DBF8}.Release|Mixed Platforms.Build.0 = Release|Any CPU
		{C2A8FC7A-FA64-46EA-AF6D-73D6B371DBF8}.Release|Win32.ActiveCfg = Release|Any CPU
		{C2A8FC7A-FA64-46EA-AF6D-73D6B371DBF8}.Release|x64.ActiveCfg = Release|Any CPU
		{C2A8FC7A-FA64-46EA-AF6D-73D6B371DBF8}.Release|x86.ActiveCfg = Release|Any CPU
		{28B605B2-E2E9-417E-8369-49E263F1F31B}.Debug|Any CPU.ActiveCfg = Debug|x86
		{28B605B2-E2E9-417E-8369-49E263F1F31B}.Debug|Any CPU.Build.0 = Debug|x86
		{28B605B2-E2E9-417E-8369-49E263F1F31B}.Debug|Mixed Platforms.ActiveCfg = Debug|x86
		{28B605B2-E2E9-417E-8369-49E263F1F31B}.Debug|Mixed Platforms.Build.0 = Debug|x86
		{28B605B2-E2E9-417E-8369-49E263F1F31B}.Debug|Win32.ActiveCfg = Debug|x86
		{28B605B2-E2E9-417E-8369-49E263F1F31B}.Debug|Win32.Build.0 = Debug|x86
		{28B605B2-E2E9-417E-8369-49E263F1F31B}.Debug|x64.ActiveCfg = Debug|x86
		{28B605B2-E2E9-417E-8369-49E263F1F31B}.Debug|x64.Build.0 = Debug|x86
		{28B605B2-E2E9-417E-8369-49E263F1F31B}.Debug|x86.ActiveCfg = Debug|x86
		{28B605B2-E2E9-417E-8369-49E263F1F31B}.Debug|x86.Build.0 = Debug|x86
		{28B605B2-E2E9-417E-8369-49E263F1F31B}.Release|Any CPU.ActiveCfg = Release|Any CPU
		{28B605B2-E2E9-417E-8369-49E263F1F31B}.Release|Any CPU.Build.0 = Release|Any CPU
		{28B605B2-E2E9-417E-8369-49E263F1F31B}.Release|Mixed Platforms.ActiveCfg = Release|x86
		{28B605B2-E2E9-417E-8369-49E263F1F31B}.Release|Mixed Platforms.Build.0 = Release|x86
		{28B605B2-E2E9-417E-8369-49E263F1F31B}.Release|Win32.ActiveCfg = Release|x86
		{28B605B2-E2E9-417E-8369-49E263F1F31B}.Release|Win32.Build.0 = Release|x86
		{28B605B2-E2E9-417E-8369-49E263F1F31B}.Release|x64.ActiveCfg = Release|Any CPU
		{28B605B2-E2E9-417E-8369-49E263F1F31B}.Release|x86.ActiveCfg = Release|x86
		{28B605B2-E2E9-417E-8369-49E263F1F31B}.Release|x86.Build.0 = Release|x86
		{6E6C3947-A770-4CBB-9FBE-EB69E9F2B1E3}.Debug|Any CPU.ActiveCfg = Debug|Any CPU
		{6E6C3947-A770-4CBB-9FBE-EB69E9F2B1E3}.Debug|Any CPU.Build.0 = Debug|Any CPU
		{6E6C3947-A770-4CBB-9FBE-EB69E9F2B1E3}.Debug|Mixed Platforms.ActiveCfg = Debug|Any CPU
		{6E6C3947-A770-4CBB-9FBE-EB69E9F2B1E3}.Debug|Mixed Platforms.Build.0 = Debug|Any CPU
		{6E6C3947-A770-4CBB-9FBE-EB69E9F2B1E3}.Debug|Win32.ActiveCfg = Debug|Any CPU
		{6E6C3947-A770-4CBB-9FBE-EB69E9F2B1E3}.Debug|Win32.Build.0 = Debug|Any CPU
		{6E6C3947-A770-4CBB-9FBE-EB69E9F2B1E3}.Debug|x64.ActiveCfg = Debug|Any CPU
		{6E6C3947-A770-4CBB-9FBE-EB69E9F2B1E3}.Debug|x64.Build.0 = Debug|Any CPU
		{6E6C3947-A770-4CBB-9FBE-EB69E9F2B1E3}.Debug|x86.ActiveCfg = Debug|Any CPU
		{6E6C3947-A770-4CBB-9FBE-EB69E9F2B1E3}.Debug|x86.Build.0 = Debug|Any CPU
		{6E6C3947-A770-4CBB-9FBE-EB69E9F2B1E3}.Release|Any CPU.ActiveCfg = Release|Any CPU
		{6E6C3947-A770-4CBB-9FBE-EB69E9F2B1E3}.Release|Any CPU.Build.0 = Release|Any CPU
		{6E6C3947-A770-4CBB-9FBE-EB69E9F2B1E3}.Release|Mixed Platforms.ActiveCfg = Release|Any CPU
		{6E6C3947-A770-4CBB-9FBE-EB69E9F2B1E3}.Release|Mixed Platforms.Build.0 = Release|Any CPU
		{6E6C3947-A770-4CBB-9FBE-EB69E9F2B1E3}.Release|Win32.ActiveCfg = Release|Any CPU
		{6E6C3947-A770-4CBB-9FBE-EB69E9F2B1E3}.Release|x64.ActiveCfg = Release|Any CPU
		{6E6C3947-A770-4CBB-9FBE-EB69E9F2B1E3}.Release|x86.ActiveCfg = Release|Any CPU
	EndGlobalSection
	GlobalSection(SolutionProperties) = preSolution
		HideSolutionNode = FALSE
	EndGlobalSection
	GlobalSection(NestedProjects) = preSolution
		{372A3447-D657-40FF-A089-77C19FEC30C8} = {D6D6F076-39CF-4B57-8C2A-0F47C9CC8177}
		{775FAD50-3623-4922-97C4-DFB29A8BE4C7} = {D6D6F076-39CF-4B57-8C2A-0F47C9CC8177}
		{C2A8FC7A-FA64-46EA-AF6D-73D6B371DBF8} = {D6D6F076-39CF-4B57-8C2A-0F47C9CC8177}
		{28B605B2-E2E9-417E-8369-49E263F1F31B} = {D6D6F076-39CF-4B57-8C2A-0F47C9CC8177}
	EndGlobalSection
EndGlobal
